
Microsoft Visual Studio Solution File, Format Version 12.00
# Visual Studio 2012
Project("{FAE04EC0-301F-11D3-BF4B-00C04F79EFBC}") = "NoPasswordTest", "NoPasswordTest\NoPasswordTest.csproj", "{C253A57B-B169-4243-899D-B93C21923C4F}"
EndProject
Project("{FAE04EC0-301F-11D3-BF4B-00C04F79EFBC}") = "Utils", "Utils\Utils.csproj", "{1369D0E4-55F8-4987-8017-8B1E731CC5FF}"
EndProject
Project("{FAE04EC0-301F-11D3-BF4B-00C04F79EFBC}") = "BluetoothUtils", "BluetoothUtils\BluetoothUtils.csproj", "{41760432-6EDA-41C6-9BAA-5BCD1963A9FA}"
EndProject
Project("{FAE04EC0-301F-11D3-BF4B-00C04F79EFBC}") = "NpDal", "NpDal\NpDal.csproj", "{62EBC2DC-BDB7-4B74-9A91-AF1908E9FC95}"
EndProject
Global
	GlobalSection(SolutionConfigurationPlatforms) = preSolution
		Debug|Any CPU = Debug|Any CPU
		Release|Any CPU = Release|Any CPU
	EndGlobalSection
	GlobalSection(ProjectConfigurationPlatforms) = postSolution
		{C253A57B-B169-4243-899D-B93C21923C4F}.Debug|Any CPU.ActiveCfg = Debug|Any CPU
		{C253A57B-B169-4243-899D-B93C21923C4F}.Debug|Any CPU.Build.0 = Debug|Any CPU
		{C253A57B-B169-4243-899D-B93C21923C4F}.Release|Any CPU.ActiveCfg = Release|Any CPU
		{C253A57B-B169-4243-899D-B93C21923C4F}.Release|Any CPU.Build.0 = Release|Any CPU
		{1369D0E4-55F8-4987-8017-8B1E731CC5FF}.Debug|Any CPU.ActiveCfg = Debug|Any CPU
		{1369D0E4-55F8-4987-8017-8B1E731CC5FF}.Debug|Any CPU.Build.0 = Debug|Any CPU
		{1369D0E4-55F8-4987-8017-8B1E731CC5FF}.Release|Any CPU.ActiveCfg = Release|Any CPU
		{1369D0E4-55F8-4987-8017-8B1E731CC5FF}.Release|Any CPU.Build.0 = Release|Any CPU
		{41760432-6EDA-41C6-9BAA-5BCD1963A9FA}.Debug|Any CPU.ActiveCfg = Debug|Any CPU
		{41760432-6EDA-41C6-9BAA-5BCD1963A9FA}.Debug|Any CPU.Build.0 = Debug|Any CPU
		{41760432-6EDA-41C6-9BAA-5BCD1963A9FA}.Release|Any CPU.ActiveCfg = Release|Any CPU
		{41760432-6EDA-41C6-9BAA-5BCD1963A9FA}.Release|Any CPU.Build.0 = Release|Any CPU
		{62EBC2DC-BDB7-4B74-9A91-AF1908E9FC95}.Debug|Any CPU.ActiveCfg = Debug|Any CPU
		{62EBC2DC-BDB7-4B74-9A91-AF1908E9FC95}.Debug|Any CPU.Build.0 = Debug|Any CPU
		{62EBC2DC-BDB7-4B74-9A91-AF1908E9FC95}.Release|Any CPU.ActiveCfg = Release|Any CPU
		{62EBC2DC-BDB7-4B74-9A91-AF1908E9FC95}.Release|Any CPU.Build.0 = Release|Any CPU
	EndGlobalSection
	GlobalSection(SolutionProperties) = preSolution
		HideSolutionNode = FALSE
	EndGlobalSection
EndGlobal
